
Microsoft Visual Studio Solution File, Format Version 12.00
# Visual Studio Version 16
VisualStudioVersion = 16.0.30320.27
MinimumVisualStudioVersion = 10.0.40219.1
Project("{FAE04EC0-301F-11D3-BF4B-00C04F79EFBC}") = "BilgeAdam.Enumerables", "BilgeAdam.Enumerables\BilgeAdam.Enumerables.csproj", "{C3DB7902-89BB-4706-82D7-37E72961D474}"
EndProject
Project("{FAE04EC0-301F-11D3-BF4B-00C04F79EFBC}") = "BilgeAdam.Events", "BilgeAdam.Events\BilgeAdam.Events.csproj", "{71DE726D-94DF-45CC-B25E-0D29CBC60562}"
EndProject
Global
	GlobalSection(SolutionConfigurationPlatforms) = preSolution
		Debug|Any CPU = Debug|Any CPU
		Release|Any CPU = Release|Any CPU
	EndGlobalSection
	GlobalSection(ProjectConfigurationPlatforms) = postSolution
		{C3DB7902-89BB-4706-82D7-37E72961D474}.Debug|Any CPU.ActiveCfg = Debug|Any CPU
		{C3DB7902-89BB-4706-82D7-37E72961D474}.Debug|Any CPU.Build.0 = Debug|Any CPU
		{C3DB7902-89BB-4706-82D7-37E72961D474}.Release|Any CPU.ActiveCfg = Release|Any CPU
		{C3DB7902-89BB-4706-82D7-37E72961D474}.Release|Any CPU.Build.0 = Release|Any CPU
		{71DE726D-94DF-45CC-B25E-0D29CBC60562}.Debug|Any CPU.ActiveCfg = Debug|Any CPU
		{71DE726D-94DF-45CC-B25E-0D29CBC60562}.Debug|Any CPU.Build.0 = Debug|Any CPU
		{71DE726D-94DF-45CC-B25E-0D29CBC60562}.Release|Any CPU.ActiveCfg = Release|Any CPU
		{71DE726D-94DF-45CC-B25E-0D29CBC60562}.Release|Any CPU.Build.0 = Release|Any CPU
	EndGlobalSection
	GlobalSection(SolutionProperties) = preSolution
		HideSolutionNode = FALSE
	EndGlobalSection
	GlobalSection(ExtensibilityGlobals) = postSolution
		SolutionGuid = {62663F1B-A714-40DD-A7E9-06324888ECC4}
	EndGlobalSection
EndGlobal
